
Microsoft Visual Studio Solution File, Format Version 12.00
# Visual Studio Version 17
VisualStudioVersion = 17.6.33829.357
MinimumVisualStudioVersion = 10.0.40219.1
Project("{FAE04EC0-301F-11D3-BF4B-00C04F79EFBC}") = "calender-project", "calender-project\calender-project.csproj", "{1D7CBD16-C880-446E-9CE9-E0430E61E968}"
EndProject
Global
	GlobalSection(SolutionConfigurationPlatforms) = preSolution
		Debug|Any CPU = Debug|Any CPU
		Release|Any CPU = Release|Any CPU
	EndGlobalSection
	GlobalSection(ProjectConfigurationPlatforms) = postSolution
		{1D7CBD16-C880-446E-9CE9-E0430E61E968}.Debug|Any CPU.ActiveCfg = Debug|Any CPU
		{1D7CBD16-C880-446E-9CE9-E0430E61E968}.Debug|Any CPU.Build.0 = Debug|Any CPU
		{1D7CBD16-C880-446E-9CE9-E0430E61E968}.Release|Any CPU.ActiveCfg = Release|Any CPU
		{1D7CBD16-C880-446E-9CE9-E0430E61E968}.Release|Any CPU.Build.0 = Release|Any CPU
	EndGlobalSection
	GlobalSection(SolutionProperties) = preSolution
		HideSolutionNode = FALSE
	EndGlobalSection
	GlobalSection(ExtensibilityGlobals) = postSolution
		SolutionGuid = {48198C02-BBE7-4D7E-AFC2-6C2B8F166D51}
	EndGlobalSection
EndGlobal
